
Microsoft Visual Studio Solution File, Format Version 12.00
# Visual Studio 2012
Project("{FAE04EC0-301F-11D3-BF4B-00C04F79EFBC}") = "AgebZonasMetropolitanas", "AgebZonasMetropolitanas\AgebZonasMetropolitanas.csproj", "{3CC28E8A-D15D-4F9F-A3B5-C37BA7F61D32}"
EndProject
Global
	GlobalSection(SolutionConfigurationPlatforms) = preSolution
		Debug|x86 = Debug|x86
		Release|x86 = Release|x86
	EndGlobalSection
	GlobalSection(ProjectConfigurationPlatforms) = postSolution
		{3CC28E8A-D15D-4F9F-A3B5-C37BA7F61D32}.Debug|x86.ActiveCfg = Debug|x86
		{3CC28E8A-D15D-4F9F-A3B5-C37BA7F61D32}.Debug|x86.Build.0 = Debug|x86
		{3CC28E8A-D15D-4F9F-A3B5-C37BA7F61D32}.Release|x86.ActiveCfg = Release|x86
		{3CC28E8A-D15D-4F9F-A3B5-C37BA7F61D32}.Release|x86.Build.0 = Release|x86
	EndGlobalSection
EndGlobal
